// !$*UTF8*$!
{
	archiveVersion = 1;
	classes = {
	};
	objectVersion = 46;
	objects = {

/* Begin PBXBuildFile section */
		004348EB1D98FCB600D3DE54 /* AudioToolbox.framework in Frameworks */ = {isa = PBXBuildFile; fileRef = 004348EA1D98FCB600D3DE54 /* AudioToolbox.framework */; };
		004348ED1D98FCC200D3DE54 /* CFNetwork.framework in Frameworks */ = {isa = PBXBuildFile; fileRef = 004348EC1D98FCC200D3DE54 /* CFNetwork.framework */; };
		004348EF1D98FCCA00D3DE54 /* CoreGraphics.framework in Frameworks */ = {isa = PBXBuildFile; fileRef = 004348EE1D98FCCA00D3DE54 /* CoreGraphics.framework */; };
		004348F11D98FCD100D3DE54 /* CoreLocation.framework in Frameworks */ = {isa = PBXBuildFile; fileRef = 004348F01D98FCD100D3DE54 /* CoreLocation.framework */; };
		004348F31D98FCD900D3DE54 /* QuartzCore.framework in Frameworks */ = {isa = PBXBuildFile; fileRef = 004348F21D98FCD900D3DE54 /* QuartzCore.framework */; };
		004348F51D98FCE300D3DE54 /* Security.framework in Frameworks */ = {isa = PBXBuildFile; fileRef = 004348F41D98FCE300D3DE54 /* Security.framework */; };
		004348F91D98FCF600D3DE54 /* SystemConfiguration.framework in Frameworks */ = {isa = PBXBuildFile; fileRef = 004348F81D98FCF600D3DE54 /* SystemConfiguration.framework */; };
		004348FB1D98FD0200D3DE54 /* libz.tbd in Frameworks */ = {isa = PBXBuildFile; fileRef = 004348FA1D98FD0200D3DE54 /* libz.tbd */; };
		004348FD1D98FD0B00D3DE54 /* libsqlite3.tbd in Frameworks */ = {isa = PBXBuildFile; fileRef = 004348FC1D98FD0B00D3DE54 /* libsqlite3.tbd */; };
		004349061D99030100D3DE54 /* LoginRegisterController.swift in Sources */ = {isa = PBXBuildFile; fileRef = 004349001D99030100D3DE54 /* LoginRegisterController.swift */; };
		004349071D99030100D3DE54 /* PublicAgencyCell.swift in Sources */ = {isa = PBXBuildFile; fileRef = 004349011D99030100D3DE54 /* PublicAgencyCell.swift */; };
		004349081D99030100D3DE54 /* SnapContainerViewController.swift in Sources */ = {isa = PBXBuildFile; fileRef = 004349021D99030100D3DE54 /* SnapContainerViewController.swift */; };
		004349091D99030100D3DE54 /* TopViewController.swift in Sources */ = {isa = PBXBuildFile; fileRef = 004349031D99030100D3DE54 /* TopViewController.swift */; };
		0043490A1D99030100D3DE54 /* VerticalScrollViewController.swift in Sources */ = {isa = PBXBuildFile; fileRef = 004349041D99030100D3DE54 /* VerticalScrollViewController.swift */; };
		004349111D9903CA00D3DE54 /* StoriesViewController.swift in Sources */ = {isa = PBXBuildFile; fileRef = 004349101D9903CA00D3DE54 /* StoriesViewController.swift */; };
		00DD9D181D98F5D3006489BE /* AppDelegate.swift in Sources */ = {isa = PBXBuildFile; fileRef = 00DD9D171D98F5D3006489BE /* AppDelegate.swift */; };
		00DD9D1D1D98F5D3006489BE /* Main.storyboard in Resources */ = {isa = PBXBuildFile; fileRef = 00DD9D1B1D98F5D3006489BE /* Main.storyboard */; };
		00DD9D1F1D98F5D3006489BE /* Assets.xcassets in Resources */ = {isa = PBXBuildFile; fileRef = 00DD9D1E1D98F5D3006489BE /* Assets.xcassets */; };
		00DD9D221D98F5D3006489BE /* LaunchScreen.storyboard in Resources */ = {isa = PBXBuildFile; fileRef = 00DD9D201D98F5D3006489BE /* LaunchScreen.storyboard */; };
		00DD9D2C1D98FA75006489BE /* Bolts.framework in Frameworks */ = {isa = PBXBuildFile; fileRef = 00DD9D2B1D98FA75006489BE /* Bolts.framework */; };
		00DD9D2E1D98FA9C006489BE /* Parse.framework in Frameworks */ = {isa = PBXBuildFile; fileRef = 00DD9D2D1D98FA9C006489BE /* Parse.framework */; };
		798136321D9928670074ED25 /* ChatListTableViewController.swift in Sources */ = {isa = PBXBuildFile; fileRef = 798136311D9928670074ED25 /* ChatListTableViewController.swift */; };
		798136341D992DA10074ED25 /* NewChatTableViewController.swift in Sources */ = {isa = PBXBuildFile; fileRef = 798136331D992DA10074ED25 /* NewChatTableViewController.swift */; };
		798136361D9977010074ED25 /* ChatLogController.swift in Sources */ = {isa = PBXBuildFile; fileRef = 798136351D9977000074ED25 /* ChatLogController.swift */; };
		798136471D9BCFD50074ED25 /* Message.swift in Sources */ = {isa = PBXBuildFile; fileRef = 798136451D9BCFD50074ED25 /* Message.swift */; };
		798136481D9BCFD50074ED25 /* User.swift in Sources */ = {isa = PBXBuildFile; fileRef = 798136461D9BCFD50074ED25 /* User.swift */; };
		79E7CFF31D9BFA3100F081E2 /* GoogleService-Info.plist in Resources */ = {isa = PBXBuildFile; fileRef = 79E7CFF21D9BFA3100F081E2 /* GoogleService-Info.plist */; };
		79E7CFF51D9C259F00F081E2 /* CameraViewController.swift in Sources */ = {isa = PBXBuildFile; fileRef = 79E7CFF41D9C259F00F081E2 /* CameraViewController.swift */; };
		F595B0AB8367814EF8C25504 /* Pods_simple_snapchat.framework in Frameworks */ = {isa = PBXBuildFile; fileRef = AEAE246D0AA3AD2FEEC45FB0 /* Pods_simple_snapchat.framework */; };
/* End PBXBuildFile section */

/* Begin PBXFileReference section */
		00198B171D99102A003AD328 /* simple-snapchat.entitlements */ = {isa = PBXFileReference; lastKnownFileType = text.plist.entitlements; path = "simple-snapchat.entitlements"; sourceTree = "<group>"; };
		004348EA1D98FCB600D3DE54 /* AudioToolbox.framework */ = {isa = PBXFileReference; lastKnownFileType = wrapper.framework; name = AudioToolbox.framework; path = System/Library/Frameworks/AudioToolbox.framework; sourceTree = SDKROOT; };
		004348EC1D98FCC200D3DE54 /* CFNetwork.framework */ = {isa = PBXFileReference; lastKnownFileType = wrapper.framework; name = CFNetwork.framework; path = System/Library/Frameworks/CFNetwork.framework; sourceTree = SDKROOT; };
		004348EE1D98FCCA00D3DE54 /* CoreGraphics.framework */ = {isa = PBXFileReference; lastKnownFileType = wrapper.framework; name = CoreGraphics.framework; path = System/Library/Frameworks/CoreGraphics.framework; sourceTree = SDKROOT; };
		004348F01D98FCD100D3DE54 /* CoreLocation.framework */ = {isa = PBXFileReference; lastKnownFileType = wrapper.framework; name = CoreLocation.framework; path = System/Library/Frameworks/CoreLocation.framework; sourceTree = SDKROOT; };
		004348F21D98FCD900D3DE54 /* QuartzCore.framework */ = {isa = PBXFileReference; lastKnownFileType = wrapper.framework; name = QuartzCore.framework; path = System/Library/Frameworks/QuartzCore.framework; sourceTree = SDKROOT; };
		004348F41D98FCE300D3DE54 /* Security.framework */ = {isa = PBXFileReference; lastKnownFileType = wrapper.framework; name = Security.framework; path = System/Library/Frameworks/Security.framework; sourceTree = SDKROOT; };
		004348F81D98FCF600D3DE54 /* SystemConfiguration.framework */ = {isa = PBXFileReference; lastKnownFileType = wrapper.framework; name = SystemConfiguration.framework; path = System/Library/Frameworks/SystemConfiguration.framework; sourceTree = SDKROOT; };
		004348FA1D98FD0200D3DE54 /* libz.tbd */ = {isa = PBXFileReference; lastKnownFileType = "sourcecode.text-based-dylib-definition"; name = libz.tbd; path = usr/lib/libz.tbd; sourceTree = SDKROOT; };
		004348FC1D98FD0B00D3DE54 /* libsqlite3.tbd */ = {isa = PBXFileReference; lastKnownFileType = "sourcecode.text-based-dylib-definition"; name = libsqlite3.tbd; path = usr/lib/libsqlite3.tbd; sourceTree = SDKROOT; };
		004349001D99030100D3DE54 /* LoginRegisterController.swift */ = {isa = PBXFileReference; fileEncoding = 4; lastKnownFileType = sourcecode.swift; name = LoginRegisterController.swift; path = Controllers/LoginRegisterController.swift; sourceTree = "<group>"; };
		004349011D99030100D3DE54 /* PublicAgencyCell.swift */ = {isa = PBXFileReference; fileEncoding = 4; lastKnownFileType = sourcecode.swift; name = PublicAgencyCell.swift; path = Controllers/PublicAgencyCell.swift; sourceTree = "<group>"; };
		004349021D99030100D3DE54 /* SnapContainerViewController.swift */ = {isa = PBXFileReference; fileEncoding = 4; lastKnownFileType = sourcecode.swift; name = SnapContainerViewController.swift; path = Controllers/SnapContainerViewController.swift; sourceTree = "<group>"; };
		004349031D99030100D3DE54 /* TopViewController.swift */ = {isa = PBXFileReference; fileEncoding = 4; lastKnownFileType = sourcecode.swift; name = TopViewController.swift; path = Controllers/TopViewController.swift; sourceTree = "<group>"; };
		004349041D99030100D3DE54 /* VerticalScrollViewController.swift */ = {isa = PBXFileReference; fileEncoding = 4; lastKnownFileType = sourcecode.swift; name = VerticalScrollViewController.swift; path = Controllers/VerticalScrollViewController.swift; sourceTree = "<group>"; };
		004349101D9903CA00D3DE54 /* StoriesViewController.swift */ = {isa = PBXFileReference; fileEncoding = 4; lastKnownFileType = sourcecode.swift; name = StoriesViewController.swift; path = Controllers/StoriesViewController.swift; sourceTree = "<group>"; };
		00DD9D141D98F5D3006489BE /* simple-snapchat.app */ = {isa = PBXFileReference; explicitFileType = wrapper.application; includeInIndex = 0; path = "simple-snapchat.app"; sourceTree = BUILT_PRODUCTS_DIR; };
		00DD9D171D98F5D3006489BE /* AppDelegate.swift */ = {isa = PBXFileReference; lastKnownFileType = sourcecode.swift; path = AppDelegate.swift; sourceTree = "<group>"; };
		00DD9D1C1D98F5D3006489BE /* Base */ = {isa = PBXFileReference; lastKnownFileType = file.storyboard; name = Base; path = Base.lproj/Main.storyboard; sourceTree = "<group>"; };
		00DD9D1E1D98F5D3006489BE /* Assets.xcassets */ = {isa = PBXFileReference; lastKnownFileType = folder.assetcatalog; path = Assets.xcassets; sourceTree = "<group>"; };
		00DD9D211D98F5D3006489BE /* Base */ = {isa = PBXFileReference; lastKnownFileType = file.storyboard; name = Base; path = Base.lproj/LaunchScreen.storyboard; sourceTree = "<group>"; };
		00DD9D231D98F5D3006489BE /* Info.plist */ = {isa = PBXFileReference; lastKnownFileType = text.plist.xml; path = Info.plist; sourceTree = "<group>"; };
		00DD9D2B1D98FA75006489BE /* Bolts.framework */ = {isa = PBXFileReference; lastKnownFileType = wrapper.framework; name = Bolts.framework; path = "simple-snapchat/Bolts.framework"; sourceTree = "<group>"; };
		00DD9D2D1D98FA9C006489BE /* Parse.framework */ = {isa = PBXFileReference; lastKnownFileType = wrapper.framework; name = Parse.framework; path = "simple-snapchat/Parse.framework"; sourceTree = "<group>"; };
		798136311D9928670074ED25 /* ChatListTableViewController.swift */ = {isa = PBXFileReference; fileEncoding = 4; lastKnownFileType = sourcecode.swift; name = ChatListTableViewController.swift; path = Controllers/ChatListTableViewController.swift; sourceTree = "<group>"; };
		798136331D992DA10074ED25 /* NewChatTableViewController.swift */ = {isa = PBXFileReference; fileEncoding = 4; lastKnownFileType = sourcecode.swift; name = NewChatTableViewController.swift; path = Controllers/NewChatTableViewController.swift; sourceTree = "<group>"; };
		798136351D9977000074ED25 /* ChatLogController.swift */ = {isa = PBXFileReference; fileEncoding = 4; lastKnownFileType = sourcecode.swift; name = ChatLogController.swift; path = Controllers/ChatLogController.swift; sourceTree = "<group>"; };
		798136451D9BCFD50074ED25 /* Message.swift */ = {isa = PBXFileReference; fileEncoding = 4; lastKnownFileType = sourcecode.swift; name = Message.swift; path = Model/Message.swift; sourceTree = "<group>"; };
		798136461D9BCFD50074ED25 /* User.swift */ = {isa = PBXFileReference; fileEncoding = 4; lastKnownFileType = sourcecode.swift; name = User.swift; path = Model/User.swift; sourceTree = "<group>"; };
		79E7CFF21D9BFA3100F081E2 /* GoogleService-Info.plist */ = {isa = PBXFileReference; fileEncoding = 4; lastKnownFileType = text.plist.xml; path = "GoogleService-Info.plist"; sourceTree = "<group>"; };
		79E7CFF41D9C259F00F081E2 /* CameraViewController.swift */ = {isa = PBXFileReference; fileEncoding = 4; lastKnownFileType = sourcecode.swift; name = CameraViewController.swift; path = Controllers/CameraViewController.swift; sourceTree = "<group>"; };
		AEAE246D0AA3AD2FEEC45FB0 /* Pods_simple_snapchat.framework */ = {isa = PBXFileReference; explicitFileType = wrapper.framework; includeInIndex = 0; path = Pods_simple_snapchat.framework; sourceTree = BUILT_PRODUCTS_DIR; };
		FEFFBC8570546B75E246890B /* Pods-simple-snapchat.debug.xcconfig */ = {isa = PBXFileReference; includeInIndex = 1; lastKnownFileType = text.xcconfig; name = "Pods-simple-snapchat.debug.xcconfig"; path = "Pods/Target Support Files/Pods-simple-snapchat/Pods-simple-snapchat.debug.xcconfig"; sourceTree = "<group>"; };
		FF70871258D3258057C9ED4E /* Pods-simple-snapchat.release.xcconfig */ = {isa = PBXFileReference; includeInIndex = 1; lastKnownFileType = text.xcconfig; name = "Pods-simple-snapchat.release.xcconfig"; path = "Pods/Target Support Files/Pods-simple-snapchat/Pods-simple-snapchat.release.xcconfig"; sourceTree = "<group>"; };
/* End PBXFileReference section */

/* Begin PBXFrameworksBuildPhase section */
		00DD9D111D98F5D3006489BE /* Frameworks */ = {
			isa = PBXFrameworksBuildPhase;
			buildActionMask = 2147483647;
			files = (
				004348FD1D98FD0B00D3DE54 /* libsqlite3.tbd in Frameworks */,
				004348FB1D98FD0200D3DE54 /* libz.tbd in Frameworks */,
				004348F91D98FCF600D3DE54 /* SystemConfiguration.framework in Frameworks */,
				004348F51D98FCE300D3DE54 /* Security.framework in Frameworks */,
				004348F31D98FCD900D3DE54 /* QuartzCore.framework in Frameworks */,
				004348F11D98FCD100D3DE54 /* CoreLocation.framework in Frameworks */,
				004348EF1D98FCCA00D3DE54 /* CoreGraphics.framework in Frameworks */,
				004348ED1D98FCC200D3DE54 /* CFNetwork.framework in Frameworks */,
				004348EB1D98FCB600D3DE54 /* AudioToolbox.framework in Frameworks */,
				00DD9D2E1D98FA9C006489BE /* Parse.framework in Frameworks */,
				00DD9D2C1D98FA75006489BE /* Bolts.framework in Frameworks */,
				F595B0AB8367814EF8C25504 /* Pods_simple_snapchat.framework in Frameworks */,
			);
			runOnlyForDeploymentPostprocessing = 0;
		};
/* End PBXFrameworksBuildPhase section */

/* Begin PBXGroup section */
		004348E91D98FCB600D3DE54 /* Frameworks */ = {
			isa = PBXGroup;
			children = (
				00DD9D2D1D98FA9C006489BE /* Parse.framework */,
				00DD9D2B1D98FA75006489BE /* Bolts.framework */,
				004348FC1D98FD0B00D3DE54 /* libsqlite3.tbd */,
				004348FA1D98FD0200D3DE54 /* libz.tbd */,
				004348F81D98FCF600D3DE54 /* SystemConfiguration.framework */,
				004348F41D98FCE300D3DE54 /* Security.framework */,
				004348F21D98FCD900D3DE54 /* QuartzCore.framework */,
				004348F01D98FCD100D3DE54 /* CoreLocation.framework */,
				004348EE1D98FCCA00D3DE54 /* CoreGraphics.framework */,
				004348EC1D98FCC200D3DE54 /* CFNetwork.framework */,
				004348EA1D98FCB600D3DE54 /* AudioToolbox.framework */,
				AEAE246D0AA3AD2FEEC45FB0 /* Pods_simple_snapchat.framework */,
			);
			name = Frameworks;
			sourceTree = "<group>";
		};
		0043490B1D99031000D3DE54 /* Carema */ = {
			isa = PBXGroup;
			children = (
				79E7CFF41D9C259F00F081E2 /* CameraViewController.swift */,
			);
			name = Carema;
			sourceTree = "<group>";
		};
		0043490C1D99031800D3DE54 /* LoginRegister */ = {
			isa = PBXGroup;
			children = (
				004349001D99030100D3DE54 /* LoginRegisterController.swift */,
			);
			name = LoginRegister;
			sourceTree = "<group>";
		};
		0043490E1D99032E00D3DE54 /* TopView */ = {
			isa = PBXGroup;
			children = (
				004349031D99030100D3DE54 /* TopViewController.swift */,
			);
			name = TopView;
			sourceTree = "<group>";
		};
		0043490F1D99034D00D3DE54 /* SwipeController */ = {
			isa = PBXGroup;
			children = (
				004349021D99030100D3DE54 /* SnapContainerViewController.swift */,
				004349041D99030100D3DE54 /* VerticalScrollViewController.swift */,
			);
			name = SwipeController;
			sourceTree = "<group>";
		};
		004349121D9903CF00D3DE54 /* Discover */ = {
			isa = PBXGroup;
			children = (
				004349011D99030100D3DE54 /* PublicAgencyCell.swift */,
				004349101D9903CA00D3DE54 /* StoriesViewController.swift */,
			);
			name = Discover;
			sourceTree = "<group>";
		};
		00DD9D0B1D98F5D3006489BE = {
			isa = PBXGroup;
			children = (
				00DD9D161D98F5D3006489BE /* simple-snapchat */,
				00DD9D151D98F5D3006489BE /* Products */,
				004348E91D98FCB600D3DE54 /* Frameworks */,
				556C495B59ACAC1F2540914D /* Pods */,
			);
			sourceTree = "<group>";
		};
		00DD9D151D98F5D3006489BE /* Products */ = {
			isa = PBXGroup;
			children = (
				00DD9D141D98F5D3006489BE /* simple-snapchat.app */,
			);
			name = Products;
			sourceTree = "<group>";
		};
		00DD9D161D98F5D3006489BE /* simple-snapchat */ = {
			isa = PBXGroup;
			children = (
				798136421D9BCF9D0074ED25 /* Model */,
				798136301D9928560074ED25 /* Chat */,
				00198B171D99102A003AD328 /* simple-snapchat.entitlements */,
				0043490B1D99031000D3DE54 /* Carema */,
				0043490C1D99031800D3DE54 /* LoginRegister */,
				004349121D9903CF00D3DE54 /* Discover */,
				0043490E1D99032E00D3DE54 /* TopView */,
				0043490F1D99034D00D3DE54 /* SwipeController */,
				00DD9D171D98F5D3006489BE /* AppDelegate.swift */,
				00DD9D1B1D98F5D3006489BE /* Main.storyboard */,
				00DD9D1E1D98F5D3006489BE /* Assets.xcassets */,
				00DD9D201D98F5D3006489BE /* LaunchScreen.storyboard */,
				00DD9D231D98F5D3006489BE /* Info.plist */,
				79E7CFF21D9BFA3100F081E2 /* GoogleService-Info.plist */,
			);
			path = "simple-snapchat";
			sourceTree = "<group>";
		};
		556C495B59ACAC1F2540914D /* Pods */ = {
			isa = PBXGroup;
			children = (
				FEFFBC8570546B75E246890B /* Pods-simple-snapchat.debug.xcconfig */,
				FF70871258D3258057C9ED4E /* Pods-simple-snapchat.release.xcconfig */,
			);
			name = Pods;
			sourceTree = "<group>";
		};
		798136301D9928560074ED25 /* Chat */ = {
			isa = PBXGroup;
			children = (
				798136311D9928670074ED25 /* ChatListTableViewController.swift */,
				798136331D992DA10074ED25 /* NewChatTableViewController.swift */,
				798136351D9977000074ED25 /* ChatLogController.swift */,
			);
			name = Chat;
			sourceTree = "<group>";
		};
		798136421D9BCF9D0074ED25 /* Model */ = {
			isa = PBXGroup;
			children = (
				798136451D9BCFD50074ED25 /* Message.swift */,
				798136461D9BCFD50074ED25 /* User.swift */,
			);
			name = Model;
			sourceTree = "<group>";
		};
/* End PBXGroup section */

/* Begin PBXNativeTarget section */
		00DD9D131D98F5D3006489BE /* simple-snapchat */ = {
			isa = PBXNativeTarget;
			buildConfigurationList = 00DD9D261D98F5D3006489BE /* Build configuration list for PBXNativeTarget "simple-snapchat" */;
			buildPhases = (
				7D1DDD1742FA42416887436B /* [CP] Check Pods Manifest.lock */,
				00DD9D101D98F5D3006489BE /* Sources */,
				00DD9D111D98F5D3006489BE /* Frameworks */,
				00DD9D121D98F5D3006489BE /* Resources */,
				F77A55431E4420A131B56E00 /* [CP] Embed Pods Frameworks */,
				CC4E38E366F35EAA6D168763 /* [CP] Copy Pods Resources */,
			);
			buildRules = (
			);
			dependencies = (
			);
			name = "simple-snapchat";
			productName = "simple-snapchat";
			productReference = 00DD9D141D98F5D3006489BE /* simple-snapchat.app */;
			productType = "com.apple.product-type.application";
		};
/* End PBXNativeTarget section */

/* Begin PBXProject section */
		00DD9D0C1D98F5D3006489BE /* Project object */ = {
			isa = PBXProject;
			attributes = {
				LastSwiftUpdateCheck = 0800;
				LastUpgradeCheck = 0800;
				ORGANIZATIONNAME = "University of Melbourne";
				TargetAttributes = {
					00DD9D131D98F5D3006489BE = {
						CreatedOnToolsVersion = 8.0;
						DevelopmentTeam = 87226X2B9L;
						ProvisioningStyle = Automatic;
						SystemCapabilities = {
							com.apple.InAppPurchase = {
								enabled = 0;
							};
							com.apple.Keychain = {
								enabled = 1;
							};
						};
					};
				};
			};
			buildConfigurationList = 00DD9D0F1D98F5D3006489BE /* Build configuration list for PBXProject "simple-snapchat" */;
			compatibilityVersion = "Xcode 3.2";
			developmentRegion = English;
			hasScannedForEncodings = 0;
			knownRegions = (
				en,
				Base,
			);
			mainGroup = 00DD9D0B1D98F5D3006489BE;
			productRefGroup = 00DD9D151D98F5D3006489BE /* Products */;
			projectDirPath = "";
			projectRoot = "";
			targets = (
				00DD9D131D98F5D3006489BE /* simple-snapchat */,
			);
		};
/* End PBXProject section */

/* Begin PBXResourcesBuildPhase section */
		00DD9D121D98F5D3006489BE /* Resources */ = {
			isa = PBXResourcesBuildPhase;
			buildActionMask = 2147483647;
			files = (
				00DD9D221D98F5D3006489BE /* LaunchScreen.storyboard in Resources */,
				79E7CFF31D9BFA3100F081E2 /* GoogleService-Info.plist in Resources */,
				00DD9D1F1D98F5D3006489BE /* Assets.xcassets in Resources */,
				00DD9D1D1D98F5D3006489BE /* Main.storyboard in Resources */,
			);
			runOnlyForDeploymentPostprocessing = 0;
		};
/* End PBXResourcesBuildPhase section */

/* Begin PBXShellScriptBuildPhase section */
		7D1DDD1742FA42416887436B /* [CP] Check Pods Manifest.lock */ = {
			isa = PBXShellScriptBuildPhase;
			buildActionMask = 2147483647;
			files = (
			);
			inputPaths = (
			);
			name = "[CP] Check Pods Manifest.lock";
			outputPaths = (
			);
			runOnlyForDeploymentPostprocessing = 0;
			shellPath = /bin/sh;
			shellScript = "diff \"${PODS_ROOT}/../Podfile.lock\" \"${PODS_ROOT}/Manifest.lock\" > /dev/null\nif [[ $? != 0 ]] ; then\n    cat << EOM\nerror: The sandbox is not in sync with the Podfile.lock. Run 'pod install' or update your CocoaPods installation.\nEOM\n    exit 1\nfi\n";
			showEnvVarsInLog = 0;
		};
		CC4E38E366F35EAA6D168763 /* [CP] Copy Pods Resources */ = {
			isa = PBXShellScriptBuildPhase;
			buildActionMask = 2147483647;
			files = (
			);
			inputPaths = (
			);
			name = "[CP] Copy Pods Resources";
			outputPaths = (
			);
			runOnlyForDeploymentPostprocessing = 0;
			shellPath = /bin/sh;
			shellScript = "\"${SRCROOT}/Pods/Target Support Files/Pods-simple-snapchat/Pods-simple-snapchat-resources.sh\"\n";
			showEnvVarsInLog = 0;
		};
		F77A55431E4420A131B56E00 /* [CP] Embed Pods Frameworks */ = {
			isa = PBXShellScriptBuildPhase;
			buildActionMask = 2147483647;
			files = (
			);
			inputPaths = (
			);
			name = "[CP] Embed Pods Frameworks";
			outputPaths = (
			);
			runOnlyForDeploymentPostprocessing = 0;
			shellPath = /bin/sh;
			shellScript = "\"${SRCROOT}/Pods/Target Support Files/Pods-simple-snapchat/Pods-simple-snapchat-frameworks.sh\"\n";
			showEnvVarsInLog = 0;
		};
/* End PBXShellScriptBuildPhase section */

/* Begin PBXSourcesBuildPhase section */
		00DD9D101D98F5D3006489BE /* Sources */ = {
			isa = PBXSourcesBuildPhase;
			buildActionMask = 2147483647;
			files = (
				004349091D99030100D3DE54 /* TopViewController.swift in Sources */,
				798136321D9928670074ED25 /* ChatListTableViewController.swift in Sources */,
				004349061D99030100D3DE54 /* LoginRegisterController.swift in Sources */,
				00DD9D181D98F5D3006489BE /* AppDelegate.swift in Sources */,
				79E7CFF51D9C259F00F081E2 /* CameraViewController.swift in Sources */,
				004349081D99030100D3DE54 /* SnapContainerViewController.swift in Sources */,
				798136361D9977010074ED25 /* ChatLogController.swift in Sources */,
				004349071D99030100D3DE54 /* PublicAgencyCell.swift in Sources */,
				798136481D9BCFD50074ED25 /* User.swift in Sources */,
				004349111D9903CA00D3DE54 /* StoriesViewController.swift in Sources */,
				798136341D992DA10074ED25 /* NewChatTableViewController.swift in Sources */,
				0043490A1D99030100D3DE54 /* VerticalScrollViewController.swift in Sources */,
				798136471D9BCFD50074ED25 /* Message.swift in Sources */,
			);
			runOnlyForDeploymentPostprocessing = 0;
		};
/* End PBXSourcesBuildPhase section */

/* Begin PBXVariantGroup section */
		00DD9D1B1D98F5D3006489BE /* Main.storyboard */ = {
			isa = PBXVariantGroup;
			children = (
				00DD9D1C1D98F5D3006489BE /* Base */,
			);
			name = Main.storyboard;
			sourceTree = "<group>";
		};
		00DD9D201D98F5D3006489BE /* LaunchScreen.storyboard */ = {
			isa = PBXVariantGroup;
			children = (
				00DD9D211D98F5D3006489BE /* Base */,
			);
			name = LaunchScreen.storyboard;
			sourceTree = "<group>";
		};
/* End PBXVariantGroup section */

/* Begin XCBuildConfiguration section */
		00DD9D241D98F5D3006489BE /* Debug */ = {
			isa = XCBuildConfiguration;
			buildSettings = {
				ALWAYS_SEARCH_USER_PATHS = NO;
				CLANG_ANALYZER_NONNULL = YES;
				CLANG_CXX_LANGUAGE_STANDARD = "gnu++0x";
				CLANG_CXX_LIBRARY = "libc++";
				CLANG_ENABLE_MODULES = YES;
				CLANG_ENABLE_OBJC_ARC = YES;
				CLANG_WARN_BOOL_CONVERSION = YES;
				CLANG_WARN_CONSTANT_CONVERSION = YES;
				CLANG_WARN_DIRECT_OBJC_ISA_USAGE = YES_ERROR;
				CLANG_WARN_DOCUMENTATION_COMMENTS = YES;
				CLANG_WARN_EMPTY_BODY = YES;
				CLANG_WARN_ENUM_CONVERSION = YES;
				CLANG_WARN_INFINITE_RECURSION = YES;
				CLANG_WARN_INT_CONVERSION = YES;
				CLANG_WARN_OBJC_ROOT_CLASS = YES_ERROR;
				CLANG_WARN_SUSPICIOUS_MOVES = YES;
				CLANG_WARN_UNREACHABLE_CODE = YES;
				CLANG_WARN__DUPLICATE_METHOD_MATCH = YES;
				CODE_SIGN_IDENTITY = "";
				"CODE_SIGN_IDENTITY[sdk=iphoneos*]" = "iPhone Developer";
				COPY_PHASE_STRIP = NO;
				DEBUG_INFORMATION_FORMAT = dwarf;
				ENABLE_STRICT_OBJC_MSGSEND = YES;
				ENABLE_TESTABILITY = YES;
				GCC_C_LANGUAGE_STANDARD = gnu99;
				GCC_DYNAMIC_NO_PIC = NO;
				GCC_NO_COMMON_BLOCKS = YES;
				GCC_OPTIMIZATION_LEVEL = 0;
				GCC_PREPROCESSOR_DEFINITIONS = (
					"DEBUG=1",
					"$(inherited)",
				);
				GCC_WARN_64_TO_32_BIT_CONVERSION = YES;
				GCC_WARN_ABOUT_RETURN_TYPE = YES_ERROR;
				GCC_WARN_UNDECLARED_SELECTOR = YES;
				GCC_WARN_UNINITIALIZED_AUTOS = YES_AGGRESSIVE;
				GCC_WARN_UNUSED_FUNCTION = YES;
				GCC_WARN_UNUSED_VARIABLE = YES;
				IPHONEOS_DEPLOYMENT_TARGET = 10.0;
				MTL_ENABLE_DEBUG_INFO = YES;
				ONLY_ACTIVE_ARCH = YES;
				SDKROOT = iphoneos;
				SWIFT_ACTIVE_COMPILATION_CONDITIONS = DEBUG;
				SWIFT_OPTIMIZATION_LEVEL = "-Onone";
			};
			name = Debug;
		};
		00DD9D251D98F5D3006489BE /* Release */ = {
			isa = XCBuildConfiguration;
			buildSettings = {
				ALWAYS_SEARCH_USER_PATHS = NO;
				CLANG_ANALYZER_NONNULL = YES;
				CLANG_CXX_LANGUAGE_STANDARD = "gnu++0x";
				CLANG_CXX_LIBRARY = "libc++";
				CLANG_ENABLE_MODULES = YES;
				CLANG_ENABLE_OBJC_ARC = YES;
				CLANG_WARN_BOOL_CONVERSION = YES;
				CLANG_WARN_CONSTANT_CONVERSION = YES;
				CLANG_WARN_DIRECT_OBJC_ISA_USAGE = YES_ERROR;
				CLANG_WARN_DOCUMENTATION_COMMENTS = YES;
				CLANG_WARN_EMPTY_BODY = YES;
				CLANG_WARN_ENUM_CONVERSION = YES;
				CLANG_WARN_INFINITE_RECURSION = YES;
				CLANG_WARN_INT_CONVERSION = YES;
				CLANG_WARN_OBJC_ROOT_CLASS = YES_ERROR;
				CLANG_WARN_SUSPICIOUS_MOVES = YES;
				CLANG_WARN_UNREACHABLE_CODE = YES;
				CLANG_WARN__DUPLICATE_METHOD_MATCH = YES;
				"CODE_SIGN_IDENTITY[sdk=iphoneos*]" = "iPhone Developer";
				COPY_PHASE_STRIP = NO;
				DEBUG_INFORMATION_FORMAT = "dwarf-with-dsym";
				ENABLE_NS_ASSERTIONS = NO;
				ENABLE_STRICT_OBJC_MSGSEND = YES;
				GCC_C_LANGUAGE_STANDARD = gnu99;
				GCC_NO_COMMON_BLOCKS = YES;
				GCC_WARN_64_TO_32_BIT_CONVERSION = YES;
				GCC_WARN_ABOUT_RETURN_TYPE = YES_ERROR;
				GCC_WARN_UNDECLARED_SELECTOR = YES;
				GCC_WARN_UNINITIALIZED_AUTOS = YES_AGGRESSIVE;
				GCC_WARN_UNUSED_FUNCTION = YES;
				GCC_WARN_UNUSED_VARIABLE = YES;
				IPHONEOS_DEPLOYMENT_TARGET = 10.0;
				MTL_ENABLE_DEBUG_INFO = NO;
				SDKROOT = iphoneos;
				SWIFT_OPTIMIZATION_LEVEL = "-Owholemodule";
				VALIDATE_PRODUCT = YES;
			};
			name = Release;
		};
		00DD9D271D98F5D3006489BE /* Debug */ = {
			isa = XCBuildConfiguration;
			baseConfigurationReference = FEFFBC8570546B75E246890B /* Pods-simple-snapchat.debug.xcconfig */;
			buildSettings = {
				ASSETCATALOG_COMPILER_APPICON_NAME = AppIcon;
				CODE_SIGN_ENTITLEMENTS = "simple-snapchat/simple-snapchat.entitlements";
				DEVELOPMENT_TEAM = 87226X2B9L;
				FRAMEWORK_SEARCH_PATHS = (
					"$(inherited)",
					"$(PROJECT_DIR)",
					"$(PROJECT_DIR)/simple-snapchat",
				);
				INFOPLIST_FILE = "simple-snapchat/Info.plist";
				IPHONEOS_DEPLOYMENT_TARGET = 9.3;
				LD_RUNPATH_SEARCH_PATHS = "$(inherited) @executable_path/Frameworks";
				PRODUCT_BUNDLE_IDENTIFIER = "edu.unimelb.simple-snapchat-helen";
				PRODUCT_NAME = "$(TARGET_NAME)";
				SWIFT_VERSION = 3.0;
			};
			name = Debug;
		};
		00DD9D281D98F5D3006489BE /* Release */ = {
			isa = XCBuildConfiguration;
			baseConfigurationReference = FF70871258D3258057C9ED4E /* Pods-simple-snapchat.release.xcconfig */;
			buildSettings = {
				ASSETCATALOG_COMPILER_APPICON_NAME = AppIcon;
				CODE_SIGN_ENTITLEMENTS = "simple-snapchat/simple-snapchat.entitlements";
				DEVELOPMENT_TEAM = 87226X2B9L;
				FRAMEWORK_SEARCH_PATHS = (
					"$(inherited)",
					"$(PROJECT_DIR)",
					"$(PROJECT_DIR)/simple-snapchat",
				);
				INFOPLIST_FILE = "simple-snapchat/Info.plist";
				IPHONEOS_DEPLOYMENT_TARGET = 9.3;
				LD_RUNPATH_SEARCH_PATHS = "$(inherited) @executable_path/Frameworks";
				PRODUCT_BUNDLE_IDENTIFIER = "edu.unimelb.simple-snapchat-helen";
				PRODUCT_NAME = "$(TARGET_NAME)";
				SWIFT_VERSION = 3.0;
			};
			name = Release;
		};
/* End XCBuildConfiguration section */

/* Begin XCConfigurationList section */
		00DD9D0F1D98F5D3006489BE /* Build configuration list for PBXProject "simple-snapchat" */ = {
			isa = XCConfigurationList;
			buildConfigurations = (
				00DD9D241D98F5D3006489BE /* Debug */,
				00DD9D251D98F5D3006489BE /* Release */,
			);
			defaultConfigurationIsVisible = 0;
			defaultConfigurationName = Release;
		};
		00DD9D261D98F5D3006489BE /* Build configuration list for PBXNativeTarget "simple-snapchat" */ = {
			isa = XCConfigurationList;
			buildConfigurations = (
				00DD9D271D98F5D3006489BE /* Debug */,
				00DD9D281D98F5D3006489BE /* Release */,
			);
			defaultConfigurationIsVisible = 0;
			defaultConfigurationName = Release;
		};
/* End XCConfigurationList section */
	};
	rootObject = 00DD9D0C1D98F5D3006489BE /* Project object */;
}
